
Microsoft Visual Studio Solution File, Format Version 12.00
# Visual Studio Version 17
VisualStudioVersion = 17.1.32228.430
MinimumVisualStudioVersion = 10.0.40219.1
Project("{9A19103F-16F7-4668-BE54-9A1E7A4F7556}") = "FerreteriaFide.Aplicacion", "FerreteriaFide.Aplicacion\FerreteriaFide.Aplicacion.csproj", "{B7AAB13C-6A5B-49E8-9AAA-CEA9A58C779B}"
EndProject
Project("{9A19103F-16F7-4668-BE54-9A1E7A4F7556}") = "FerreteriaFide.Domain", "FerreteriaFide.Domain\FerreteriaFide.Domain.csproj", "{032B8C66-9C48-4B26-8760-767380CA8023}"
EndProject
Project("{9A19103F-16F7-4668-BE54-9A1E7A4F7556}") = "Ferreteria Fide", "Nazox\Ferreteria Fide.csproj", "{51F96411-C758-400C-A6A1-DA665E31CF29}"
EndProject
Project("{9A19103F-16F7-4668-BE54-9A1E7A4F7556}") = "FerreteriaFide.Infraestructura", "FerreteriaFide.Infraestructura\FerreteriaFide.Infraestructura.csproj", "{33F5D433-3BAA-49A0-8472-FF31FA3F66EB}"
EndProject
Global
	GlobalSection(SolutionConfigurationPlatforms) = preSolution
		Debug|Any CPU = Debug|Any CPU
		Release|Any CPU = Release|Any CPU
	EndGlobalSection
	GlobalSection(ProjectConfigurationPlatforms) = postSolution
		{B7AAB13C-6A5B-49E8-9AAA-CEA9A58C779B}.Debug|Any CPU.ActiveCfg = Debug|Any CPU
		{B7AAB13C-6A5B-49E8-9AAA-CEA9A58C779B}.Debug|Any CPU.Build.0 = Debug|Any CPU
		{B7AAB13C-6A5B-49E8-9AAA-CEA9A58C779B}.Release|Any CPU.ActiveCfg = Release|Any CPU
		{B7AAB13C-6A5B-49E8-9AAA-CEA9A58C779B}.Release|Any CPU.Build.0 = Release|Any CPU
		{032B8C66-9C48-4B26-8760-767380CA8023}.Debug|Any CPU.ActiveCfg = Debug|Any CPU
		{032B8C66-9C48-4B26-8760-767380CA8023}.Debug|Any CPU.Build.0 = Debug|Any CPU
		{032B8C66-9C48-4B26-8760-767380CA8023}.Release|Any CPU.ActiveCfg = Release|Any CPU
		{032B8C66-9C48-4B26-8760-767380CA8023}.Release|Any CPU.Build.0 = Release|Any CPU
		{51F96411-C758-400C-A6A1-DA665E31CF29}.Debug|Any CPU.ActiveCfg = Debug|Any CPU
		{51F96411-C758-400C-A6A1-DA665E31CF29}.Debug|Any CPU.Build.0 = Debug|Any CPU
		{51F96411-C758-400C-A6A1-DA665E31CF29}.Release|Any CPU.ActiveCfg = Release|Any CPU
		{51F96411-C758-400C-A6A1-DA665E31CF29}.Release|Any CPU.Build.0 = Release|Any CPU
		{33F5D433-3BAA-49A0-8472-FF31FA3F66EB}.Debug|Any CPU.ActiveCfg = Debug|Any CPU
		{33F5D433-3BAA-49A0-8472-FF31FA3F66EB}.Debug|Any CPU.Build.0 = Debug|Any CPU
		{33F5D433-3BAA-49A0-8472-FF31FA3F66EB}.Release|Any CPU.ActiveCfg = Release|Any CPU
		{33F5D433-3BAA-49A0-8472-FF31FA3F66EB}.Release|Any CPU.Build.0 = Release|Any CPU
	EndGlobalSection
	GlobalSection(SolutionProperties) = preSolution
		HideSolutionNode = FALSE
	EndGlobalSection
	GlobalSection(ExtensibilityGlobals) = postSolution
		SolutionGuid = {3C5C455B-84D5-4EE1-ADC4-CEF74EBB0942}
	EndGlobalSection
EndGlobal
